{
  "version": 4,
  "terraform_version": "1.0.9",
  "serial": 6,
  "lineage": "bd4a7eb6-8410-c9dd-ec4a-4f5b791361d1",
  "outputs": {},
  "resources": [
    {
      "mode": "managed",
      "type": "docker_image",
      "name": "nginx",
      "provider": "provider[\"registry.terraform.io/kreuzwerker/docker\"]",
      "instances": [
        {
          "schema_version": 0,
          "attributes": {
            "build": [],
            "force_remove": null,
            "id": "sha256:f652ca386ed135a4cbe356333e08ef0816f81b2ac8d0619af01e2b256837ed3enginx:latest",
            "keep_locally": false,
            "latest": "sha256:f652ca386ed135a4cbe356333e08ef0816f81b2ac8d0619af01e2b256837ed3e",
            "name": "nginx:latest",
            "output": null,
            "pull_trigger": null,
            "pull_triggers": null,
            "repo_digest": "nginx@sha256:4a49b1fbd5f544755121dee04f7f717416c21ae1bf5ef862aa34fbffbb9e434f"
          },
          "sensitive_attributes": [],
          "private": "bnVsbA=="
        }
      ]
    }
  ]
}
